{
  "name": "cwp-23",
  "version": "1.0.0",
  "lockfileVersion": 1,
  "requires": true,
  "dependencies": {
    "@chemistry/elements": {
      "version": "2.5.1",
      "resolved": "https://registry.npmjs.org/@chemistry/elements/-/elements-2.5.1.tgz",
      "integrity": "sha512-fToiFky6Bojr5FypNN5Np6OdpiApEvPAl6eD86UC2xpl74ufI8cJqZAV+bqT4gdVDvZNZMnsAFKDfnhh02oROA=="
    }
  }
}
