# THIS IS AN AUTOGENERATED FILE. DO NOT EDIT THIS FILE DIRECTLY.
# yarn lockfile v1


"@chemistry/elements@^2.5.1":
  version "2.5.1"
  resolved "https://registry.yarnpkg.com/@chemistry/elements/-/elements-2.5.1.tgz#64804a385735e4356088d17adc39b43ee20bfa26"
  integrity sha512-fToiFky6Bojr5FypNN5Np6OdpiApEvPAl6eD86UC2xpl74ufI8cJqZAV+bqT4gdVDvZNZMnsAFKDfnhh02oROA==
